
Microsoft Visual Studio Solution File, Format Version 12.00
# Visual Studio Version 17
VisualStudioVersion = 17.13.35806.99 d17.13
MinimumVisualStudioVersion = 10.0.40219.1
Project("{FAE04EC0-301F-11D3-BF4B-00C04F79EFBC}") = "DiceGameMaui", "DiceGameMaui\DiceGameMaui.csproj", "{BD1B6296-ACBA-4349-BDFC-A58B82A9B88A}"
EndProject
Global
	GlobalSection(SolutionConfigurationPlatforms) = preSolution
		Debug|Any CPU = Debug|Any CPU
		Release|Any CPU = Release|Any CPU
	EndGlobalSection
	GlobalSection(ProjectConfigurationPlatforms) = postSolution
		{BD1B6296-ACBA-4349-BDFC-A58B82A9B88A}.Debug|Any CPU.ActiveCfg = Debug|Any CPU
		{BD1B6296-ACBA-4349-BDFC-A58B82A9B88A}.Debug|Any CPU.Build.0 = Debug|Any CPU
		{BD1B6296-ACBA-4349-BDFC-A58B82A9B88A}.Release|Any CPU.ActiveCfg = Release|Any CPU
		{BD1B6296-ACBA-4349-BDFC-A58B82A9B88A}.Release|Any CPU.Build.0 = Release|Any CPU
	EndGlobalSection
	GlobalSection(SolutionProperties) = preSolution
		HideSolutionNode = FALSE
	EndGlobalSection
	GlobalSection(ExtensibilityGlobals) = postSolution
		SolutionGuid = {4B4CEA1E-D4D6-44CD-BB73-56599BB3E75A}
	EndGlobalSection
EndGlobal
